
Microsoft Visual Studio Solution File, Format Version 12.00
# Visual Studio 14
VisualStudioVersion = 14.0.25420.1
MinimumVisualStudioVersion = 10.0.40219.1
Project("{FAE04EC0-301F-11D3-BF4B-00C04F79EFBC}") = "MyWorld", "MyWorld\MyWorld\MyWorld.csproj", "{3D2B55C5-292A-43E6-84D8-28761AF3D41D}"
EndProject
Project("{FAE04EC0-301F-11D3-BF4B-00C04F79EFBC}") = "MyWorld.Droid", "MyWorld\MyWorld.Droid\MyWorld.Droid.csproj", "{AC59B7D1-B87D-4A26-8B1E-48BD07343A03}"
EndProject
Project("{FAE04EC0-301F-11D3-BF4B-00C04F79EFBC}") = "MyWorld.iOS", "MyWorld\MyWorld.iOS\MyWorld.iOS.csproj", "{787A31BD-4ED8-41FE-B0E7-2834B3613CFB}"
EndProject
Project("{FAE04EC0-301F-11D3-BF4B-00C04F79EFBC}") = "MyWorld.WinPhone", "MyWorld\MyWorld.WinPhone\MyWorld.WinPhone.csproj", "{EBF236B7-D04C-4F64-8450-E7AE83144D72}"
EndProject
Project("{FAE04EC0-301F-11D3-BF4B-00C04F79EFBC}") = "MyWorld.UWP", "MyWorld\MyWorld.UWP\MyWorld.UWP.csproj", "{5A04116E-33E2-4EB5-9FFB-A5B8A5318CD3}"
EndProject
Project("{FAE04EC0-301F-11D3-BF4B-00C04F79EFBC}") = "MyWorld.Windows", "MyWorld\MyWorld.Windows\MyWorld.Windows.csproj", "{D52F14E3-0614-4894-BDCF-825424EF5257}"
EndProject
Project("{FAE04EC0-301F-11D3-BF4B-00C04F79EFBC}") = "MyWorldWebAPI", "MyWorldWebAPI\MyWorldWebAPI.csproj", "{2C2FA7EB-C6AD-4378-A815-A7AFBEFED016}"
EndProject
Global
	GlobalSection(SolutionConfigurationPlatforms) = preSolution
		Ad-Hoc|Any CPU = Ad-Hoc|Any CPU
		Ad-Hoc|ARM = Ad-Hoc|ARM
		Ad-Hoc|iPhone = Ad-Hoc|iPhone
		Ad-Hoc|iPhoneSimulator = Ad-Hoc|iPhoneSimulator
		Ad-Hoc|x64 = Ad-Hoc|x64
		Ad-Hoc|x86 = Ad-Hoc|x86
		AppStore|Any CPU = AppStore|Any CPU
		AppStore|ARM = AppStore|ARM
		AppStore|iPhone = AppStore|iPhone
		AppStore|iPhoneSimulator = AppStore|iPhoneSimulator
		AppStore|x64 = AppStore|x64
		AppStore|x86 = AppStore|x86
		Debug|Any CPU = Debug|Any CPU
		Debug|ARM = Debug|ARM
		Debug|iPhone = Debug|iPhone
		Debug|iPhoneSimulator = Debug|iPhoneSimulator
		Debug|x64 = Debug|x64
		Debug|x86 = Debug|x86
		Release|Any CPU = Release|Any CPU
		Release|ARM = Release|ARM
		Release|iPhone = Release|iPhone
		Release|iPhoneSimulator = Release|iPhoneSimulator
		Release|x64 = Release|x64
		Release|x86 = Release|x86
	EndGlobalSection
	GlobalSection(ProjectConfigurationPlatforms) = postSolution
		{3D2B55C5-292A-43E6-84D8-28761AF3D41D}.Ad-Hoc|Any CPU.ActiveCfg = Release|Any CPU
		{3D2B55C5-292A-43E6-84D8-28761AF3D41D}.Ad-Hoc|Any CPU.Build.0 = Release|Any CPU
		{3D2B55C5-292A-43E6-84D8-28761AF3D41D}.Ad-Hoc|ARM.ActiveCfg = Release|Any CPU
		{3D2B55C5-292A-43E6-84D8-28761AF3D41D}.Ad-Hoc|ARM.Build.0 = Release|Any CPU
		{3D2B55C5-292A-43E6-84D8-28761AF3D41D}.Ad-Hoc|iPhone.ActiveCfg = Release|Any CPU
		{3D2B55C5-292A-43E6-84D8-28761AF3D41D}.Ad-Hoc|iPhone.Build.0 = Release|Any CPU
		{3D2B55C5-292A-43E6-84D8-28761AF3D41D}.Ad-Hoc|iPhoneSimulator.ActiveCfg = Release|Any CPU
		{3D2B55C5-292A-43E6-84D8-28761AF3D41D}.Ad-Hoc|iPhoneSimulator.Build.0 = Release|Any CPU
		{3D2B55C5-292A-43E6-84D8-28761AF3D41D}.Ad-Hoc|x64.ActiveCfg = Release|Any CPU
		{3D2B55C5-292A-43E6-84D8-28761AF3D41D}.Ad-Hoc|x64.Build.0 = Release|Any CPU
		{3D2B55C5-292A-43E6-84D8-28761AF3D41D}.Ad-Hoc|x86.ActiveCfg = Release|Any CPU
		{3D2B55C5-292A-43E6-84D8-28761AF3D41D}.Ad-Hoc|x86.Build.0 = Release|Any CPU
		{3D2B55C5-292A-43E6-84D8-28761AF3D41D}.AppStore|Any CPU.ActiveCfg = Release|Any CPU
		{3D2B55C5-292A-43E6-84D8-28761AF3D41D}.AppStore|Any CPU.Build.0 = Release|Any CPU
		{3D2B55C5-292A-43E6-84D8-28761AF3D41D}.AppStore|ARM.ActiveCfg = Release|Any CPU
		{3D2B55C5-292A-43E6-84D8-28761AF3D41D}.AppStore|ARM.Build.0 = Release|Any CPU
		{3D2B55C5-292A-43E6-84D8-28761AF3D41D}.AppStore|iPhone.ActiveCfg = Release|Any CPU
		{3D2B55C5-292A-43E6-84D8-28761AF3D41D}.AppStore|iPhone.Build.0 = Release|Any CPU
		{3D2B55C5-292A-43E6-84D8-28761AF3D41D}.AppStore|iPhoneSimulator.ActiveCfg = Release|Any CPU
		{3D2B55C5-292A-43E6-84D8-28761AF3D41D}.AppStore|iPhoneSimulator.Build.0 = Release|Any CPU
		{3D2B55C5-292A-43E6-84D8-28761AF3D41D}.AppStore|x64.ActiveCfg = Release|Any CPU
		{3D2B55C5-292A-43E6-84D8-28761AF3D41D}.AppStore|x64.Build.0 = Release|Any CPU
		{3D2B55C5-292A-43E6-84D8-28761AF3D41D}.AppStore|x86.ActiveCfg = Release|Any CPU
		{3D2B55C5-292A-43E6-84D8-28761AF3D41D}.AppStore|x86.Build.0 = Release|Any CPU
		{3D2B55C5-292A-43E6-84D8-28761AF3D41D}.Debug|Any CPU.ActiveCfg = Debug|Any CPU
		{3D2B55C5-292A-43E6-84D8-28761AF3D41D}.Debug|Any CPU.Build.0 = Debug|Any CPU
		{3D2B55C5-292A-43E6-84D8-28761AF3D41D}.Debug|Any CPU.Deploy.0 = Debug|Any CPU
		{3D2B55C5-292A-43E6-84D8-28761AF3D41D}.Debug|ARM.ActiveCfg = Debug|Any CPU
		{3D2B55C5-292A-43E6-84D8-28761AF3D41D}.Debug|ARM.Build.0 = Debug|Any CPU
		{3D2B55C5-292A-43E6-84D8-28761AF3D41D}.Debug|iPhone.ActiveCfg = Debug|Any CPU
		{3D2B55C5-292A-43E6-84D8-28761AF3D41D}.Debug|iPhone.Build.0 = Debug|Any CPU
		{3D2B55C5-292A-43E6-84D8-28761AF3D41D}.Debug|iPhoneSimulator.ActiveCfg = Debug|Any CPU
		{3D2B55C5-292A-43E6-84D8-28761AF3D41D}.Debug|iPhoneSimulator.Build.0 = Debug|Any CPU
		{3D2B55C5-292A-43E6-84D8-28761AF3D41D}.Debug|x64.ActiveCfg = Debug|Any CPU
		{3D2B55C5-292A-43E6-84D8-28761AF3D41D}.Debug|x64.Build.0 = Debug|Any CPU
		{3D2B55C5-292A-43E6-84D8-28761AF3D41D}.Debug|x86.ActiveCfg = Debug|Any CPU
		{3D2B55C5-292A-43E6-84D8-28761AF3D41D}.Debug|x86.Build.0 = Debug|Any CPU
		{3D2B55C5-292A-43E6-84D8-28761AF3D41D}.Release|Any CPU.ActiveCfg = Release|Any CPU
		{3D2B55C5-292A-43E6-84D8-28761AF3D41D}.Release|Any CPU.Build.0 = Release|Any CPU
		{3D2B55C5-292A-43E6-84D8-28761AF3D41D}.Release|ARM.ActiveCfg = Release|Any CPU
		{3D2B55C5-292A-43E6-84D8-28761AF3D41D}.Release|ARM.Build.0 = Release|Any CPU
		{3D2B55C5-292A-43E6-84D8-28761AF3D41D}.Release|iPhone.ActiveCfg = Release|Any CPU
		{3D2B55C5-292A-43E6-84D8-28761AF3D41D}.Release|iPhone.Build.0 = Release|Any CPU
		{3D2B55C5-292A-43E6-84D8-28761AF3D41D}.Release|iPhoneSimulator.ActiveCfg = Release|Any CPU
		{3D2B55C5-292A-43E6-84D8-28761AF3D41D}.Release|iPhoneSimulator.Build.0 = Release|Any CPU
		{3D2B55C5-292A-43E6-84D8-28761AF3D41D}.Release|x64.ActiveCfg = Release|Any CPU
		{3D2B55C5-292A-43E6-84D8-28761AF3D41D}.Release|x64.Build.0 = Release|Any CPU
		{3D2B55C5-292A-43E6-84D8-28761AF3D41D}.Release|x86.ActiveCfg = Release|Any CPU
		{3D2B55C5-292A-43E6-84D8-28761AF3D41D}.Release|x86.Build.0 = Release|Any CPU
		{AC59B7D1-B87D-4A26-8B1E-48BD07343A03}.Ad-Hoc|Any CPU.ActiveCfg = Release|Any CPU
		{AC59B7D1-B87D-4A26-8B1E-48BD07343A03}.Ad-Hoc|Any CPU.Build.0 = Release|Any CPU
		{AC59B7D1-B87D-4A26-8B1E-48BD07343A03}.Ad-Hoc|Any CPU.Deploy.0 = Release|Any CPU
		{AC59B7D1-B87D-4A26-8B1E-48BD07343A03}.Ad-Hoc|ARM.ActiveCfg = Release|Any CPU
		{AC59B7D1-B87D-4A26-8B1E-48BD07343A03}.Ad-Hoc|ARM.Build.0 = Release|Any CPU
		{AC59B7D1-B87D-4A26-8B1E-48BD07343A03}.Ad-Hoc|ARM.Deploy.0 = Release|Any CPU
		{AC59B7D1-B87D-4A26-8B1E-48BD07343A03}.Ad-Hoc|iPhone.ActiveCfg = Release|Any CPU
		{AC59B7D1-B87D-4A26-8B1E-48BD07343A03}.Ad-Hoc|iPhone.Build.0 = Release|Any CPU
		{AC59B7D1-B87D-4A26-8B1E-48BD07343A03}.Ad-Hoc|iPhone.Deploy.0 = Release|Any CPU
		{AC59B7D1-B87D-4A26-8B1E-48BD07343A03}.Ad-Hoc|iPhoneSimulator.ActiveCfg = Release|Any CPU
		{AC59B7D1-B87D-4A26-8B1E-48BD07343A03}.Ad-Hoc|iPhoneSimulator.Build.0 = Release|Any CPU
		{AC59B7D1-B87D-4A26-8B1E-48BD07343A03}.Ad-Hoc|iPhoneSimulator.Deploy.0 = Release|Any CPU
		{AC59B7D1-B87D-4A26-8B1E-48BD07343A03}.Ad-Hoc|x64.ActiveCfg = Release|Any CPU
		{AC59B7D1-B87D-4A26-8B1E-48BD07343A03}.Ad-Hoc|x64.Build.0 = Release|Any CPU
		{AC59B7D1-B87D-4A26-8B1E-48BD07343A03}.Ad-Hoc|x64.Deploy.0 = Release|Any CPU
		{AC59B7D1-B87D-4A26-8B1E-48BD07343A03}.Ad-Hoc|x86.ActiveCfg = Release|Any CPU
		{AC59B7D1-B87D-4A26-8B1E-48BD07343A03}.Ad-Hoc|x86.Build.0 = Release|Any CPU
		{AC59B7D1-B87D-4A26-8B1E-48BD07343A03}.Ad-Hoc|x86.Deploy.0 = Release|Any CPU
		{AC59B7D1-B87D-4A26-8B1E-48BD07343A03}.AppStore|Any CPU.ActiveCfg = Release|Any CPU
		{AC59B7D1-B87D-4A26-8B1E-48BD07343A03}.AppStore|Any CPU.Build.0 = Release|Any CPU
		{AC59B7D1-B87D-4A26-8B1E-48BD07343A03}.AppStore|Any CPU.Deploy.0 = Release|Any CPU
		{AC59B7D1-B87D-4A26-8B1E-48BD07343A03}.AppStore|ARM.ActiveCfg = Release|Any CPU
		{AC59B7D1-B87D-4A26-8B1E-48BD07343A03}.AppStore|ARM.Build.0 = Release|Any CPU
		{AC59B7D1-B87D-4A26-8B1E-48BD07343A03}.AppStore|ARM.Deploy.0 = Release|Any CPU
		{AC59B7D1-B87D-4A26-8B1E-48BD07343A03}.AppStore|iPhone.ActiveCfg = Release|Any CPU
		{AC59B7D1-B87D-4A26-8B1E-48BD07343A03}.AppStore|iPhone.Build.0 = Release|Any CPU
		{AC59B7D1-B87D-4A26-8B1E-48BD07343A03}.AppStore|iPhone.Deploy.0 = Release|Any CPU
		{AC59B7D1-B87D-4A26-8B1E-48BD07343A03}.AppStore|iPhoneSimulator.ActiveCfg = Release|Any CPU
		{AC59B7D1-B87D-4A26-8B1E-48BD07343A03}.AppStore|iPhoneSimulator.Build.0 = Release|Any CPU
		{AC59B7D1-B87D-4A26-8B1E-48BD07343A03}.AppStore|iPhoneSimulator.Deploy.0 = Release|Any CPU
		{AC59B7D1-B87D-4A26-8B1E-48BD07343A03}.AppStore|x64.ActiveCfg = Release|Any CPU
		{AC59B7D1-B87D-4A26-8B1E-48BD07343A03}.AppStore|x64.Build.0 = Release|Any CPU
		{AC59B7D1-B87D-4A26-8B1E-48BD07343A03}.AppStore|x64.Deploy.0 = Release|Any CPU
		{AC59B7D1-B87D-4A26-8B1E-48BD07343A03}.AppStore|x86.ActiveCfg = Release|Any CPU
		{AC59B7D1-B87D-4A26-8B1E-48BD07343A03}.AppStore|x86.Build.0 = Release|Any CPU
		{AC59B7D1-B87D-4A26-8B1E-48BD07343A03}.AppStore|x86.Deploy.0 = Release|Any CPU
		{AC59B7D1-B87D-4A26-8B1E-48BD07343A03}.Debug|Any CPU.ActiveCfg = Debug|Any CPU
		{AC59B7D1-B87D-4A26-8B1E-48BD07343A03}.Debug|Any CPU.Build.0 = Debug|Any CPU
		{AC59B7D1-B87D-4A26-8B1E-48BD07343A03}.Debug|Any CPU.Deploy.0 = Debug|Any CPU
		{AC59B7D1-B87D-4A26-8B1E-48BD07343A03}.Debug|ARM.ActiveCfg = Debug|Any CPU
		{AC59B7D1-B87D-4A26-8B1E-48BD07343A03}.Debug|ARM.Build.0 = Debug|Any CPU
		{AC59B7D1-B87D-4A26-8B1E-48BD07343A03}.Debug|ARM.Deploy.0 = Debug|Any CPU
		{AC59B7D1-B87D-4A26-8B1E-48BD07343A03}.Debug|iPhone.ActiveCfg = Debug|Any CPU
		{AC59B7D1-B87D-4A26-8B1E-48BD07343A03}.Debug|iPhone.Build.0 = Debug|Any CPU
		{AC59B7D1-B87D-4A26-8B1E-48BD07343A03}.Debug|iPhone.Deploy.0 = Debug|Any CPU
		{AC59B7D1-B87D-4A26-8B1E-48BD07343A03}.Debug|iPhoneSimulator.ActiveCfg = Debug|Any CPU
		{AC59B7D1-B87D-4A26-8B1E-48BD07343A03}.Debug|iPhoneSimulator.Build.0 = Debug|Any CPU
		{AC59B7D1-B87D-4A26-8B1E-48BD07343A03}.Debug|iPhoneSimulator.Deploy.0 = Debug|Any CPU
		{AC59B7D1-B87D-4A26-8B1E-48BD07343A03}.Debug|x64.ActiveCfg = Debug|Any CPU
		{AC59B7D1-B87D-4A26-8B1E-48BD07343A03}.Debug|x64.Build.0 = Debug|Any CPU
		{AC59B7D1-B87D-4A26-8B1E-48BD07343A03}.Debug|x64.Deploy.0 = Debug|Any CPU
		{AC59B7D1-B87D-4A26-8B1E-48BD07343A03}.Debug|x86.ActiveCfg = Debug|Any CPU
		{AC59B7D1-B87D-4A26-8B1E-48BD07343A03}.Debug|x86.Build.0 = Debug|Any CPU
		{AC59B7D1-B87D-4A26-8B1E-48BD07343A03}.Debug|x86.Deploy.0 = Debug|Any CPU
		{AC59B7D1-B87D-4A26-8B1E-48BD07343A03}.Release|Any CPU.ActiveCfg = Release|Any CPU
		{AC59B7D1-B87D-4A26-8B1E-48BD07343A03}.Release|Any CPU.Build.0 = Release|Any CPU
		{AC59B7D1-B87D-4A26-8B1E-48BD07343A03}.Release|Any CPU.Deploy.0 = Release|Any CPU
		{AC59B7D1-B87D-4A26-8B1E-48BD07343A03}.Release|ARM.ActiveCfg = Release|Any CPU
		{AC59B7D1-B87D-4A26-8B1E-48BD07343A03}.Release|ARM.Build.0 = Release|Any CPU
		{AC59B7D1-B87D-4A26-8B1E-48BD07343A03}.Release|ARM.Deploy.0 = Release|Any CPU
		{AC59B7D1-B87D-4A26-8B1E-48BD07343A03}.Release|iPhone.ActiveCfg = Release|Any CPU
		{AC59B7D1-B87D-4A26-8B1E-48BD07343A03}.Release|iPhone.Build.0 = Release|Any CPU
		{AC59B7D1-B87D-4A26-8B1E-48BD07343A03}.Release|iPhone.Deploy.0 = Release|Any CPU
		{AC59B7D1-B87D-4A26-8B1E-48BD07343A03}.Release|iPhoneSimulator.ActiveCfg = Release|Any CPU
		{AC59B7D1-B87D-4A26-8B1E-48BD07343A03}.Release|iPhoneSimulator.Build.0 = Release|Any CPU
		{AC59B7D1-B87D-4A26-8B1E-48BD07343A03}.Release|iPhoneSimulator.Deploy.0 = Release|Any CPU
		{AC59B7D1-B87D-4A26-8B1E-48BD07343A03}.Release|x64.ActiveCfg = Release|Any CPU
		{AC59B7D1-B87D-4A26-8B1E-48BD07343A03}.Release|x64.Build.0 = Release|Any CPU
		{AC59B7D1-B87D-4A26-8B1E-48BD07343A03}.Release|x64.Deploy.0 = Release|Any CPU
		{AC59B7D1-B87D-4A26-8B1E-48BD07343A03}.Release|x86.ActiveCfg = Release|Any CPU
		{AC59B7D1-B87D-4A26-8B1E-48BD07343A03}.Release|x86.Build.0 = Release|Any CPU
		{AC59B7D1-B87D-4A26-8B1E-48BD07343A03}.Release|x86.Deploy.0 = Release|Any CPU
		{787A31BD-4ED8-41FE-B0E7-2834B3613CFB}.Ad-Hoc|Any CPU.ActiveCfg = Ad-Hoc|iPhone
		{787A31BD-4ED8-41FE-B0E7-2834B3613CFB}.Ad-Hoc|ARM.ActiveCfg = Ad-Hoc|iPhone
		{787A31BD-4ED8-41FE-B0E7-2834B3613CFB}.Ad-Hoc|iPhone.ActiveCfg = Ad-Hoc|iPhone
		{787A31BD-4ED8-41FE-B0E7-2834B3613CFB}.Ad-Hoc|iPhone.Build.0 = Ad-Hoc|iPhone
		{787A31BD-4ED8-41FE-B0E7-2834B3613CFB}.Ad-Hoc|iPhoneSimulator.ActiveCfg = Ad-Hoc|iPhoneSimulator
		{787A31BD-4ED8-41FE-B0E7-2834B3613CFB}.Ad-Hoc|iPhoneSimulator.Build.0 = Ad-Hoc|iPhoneSimulator
		{787A31BD-4ED8-41FE-B0E7-2834B3613CFB}.Ad-Hoc|x64.ActiveCfg = Ad-Hoc|iPhone
		{787A31BD-4ED8-41FE-B0E7-2834B3613CFB}.Ad-Hoc|x86.ActiveCfg = Ad-Hoc|iPhone
		{787A31BD-4ED8-41FE-B0E7-2834B3613CFB}.AppStore|Any CPU.ActiveCfg = AppStore|iPhone
		{787A31BD-4ED8-41FE-B0E7-2834B3613CFB}.AppStore|ARM.ActiveCfg = AppStore|iPhone
		{787A31BD-4ED8-41FE-B0E7-2834B3613CFB}.AppStore|iPhone.ActiveCfg = AppStore|iPhone
		{787A31BD-4ED8-41FE-B0E7-2834B3613CFB}.AppStore|iPhone.Build.0 = AppStore|iPhone
		{787A31BD-4ED8-41FE-B0E7-2834B3613CFB}.AppStore|iPhoneSimulator.ActiveCfg = AppStore|iPhoneSimulator
		{787A31BD-4ED8-41FE-B0E7-2834B3613CFB}.AppStore|iPhoneSimulator.Build.0 = AppStore|iPhoneSimulator
		{787A31BD-4ED8-41FE-B0E7-2834B3613CFB}.AppStore|x64.ActiveCfg = AppStore|iPhone
		{787A31BD-4ED8-41FE-B0E7-2834B3613CFB}.AppStore|x86.ActiveCfg = AppStore|iPhone
		{787A31BD-4ED8-41FE-B0E7-2834B3613CFB}.Debug|Any CPU.ActiveCfg = Debug|iPhone
		{787A31BD-4ED8-41FE-B0E7-2834B3613CFB}.Debug|ARM.ActiveCfg = Debug|iPhone
		{787A31BD-4ED8-41FE-B0E7-2834B3613CFB}.Debug|iPhone.ActiveCfg = Debug|iPhone
		{787A31BD-4ED8-41FE-B0E7-2834B3613CFB}.Debug|iPhone.Build.0 = Debug|iPhone
		{787A31BD-4ED8-41FE-B0E7-2834B3613CFB}.Debug|iPhoneSimulator.ActiveCfg = Debug|iPhoneSimulator
		{787A31BD-4ED8-41FE-B0E7-2834B3613CFB}.Debug|iPhoneSimulator.Build.0 = Debug|iPhoneSimulator
		{787A31BD-4ED8-41FE-B0E7-2834B3613CFB}.Debug|x64.ActiveCfg = Debug|iPhone
		{787A31BD-4ED8-41FE-B0E7-2834B3613CFB}.Debug|x86.ActiveCfg = Debug|iPhone
		{787A31BD-4ED8-41FE-B0E7-2834B3613CFB}.Release|Any CPU.ActiveCfg = Release|iPhone
		{787A31BD-4ED8-41FE-B0E7-2834B3613CFB}.Release|ARM.ActiveCfg = Release|iPhone
		{787A31BD-4ED8-41FE-B0E7-2834B3613CFB}.Release|iPhone.ActiveCfg = Release|iPhone
		{787A31BD-4ED8-41FE-B0E7-2834B3613CFB}.Release|iPhone.Build.0 = Release|iPhone
		{787A31BD-4ED8-41FE-B0E7-2834B3613CFB}.Release|iPhoneSimulator.ActiveCfg = Release|iPhoneSimulator
		{787A31BD-4ED8-41FE-B0E7-2834B3613CFB}.Release|iPhoneSimulator.Build.0 = Release|iPhoneSimulator
		{787A31BD-4ED8-41FE-B0E7-2834B3613CFB}.Release|x64.ActiveCfg = Release|iPhone
		{787A31BD-4ED8-41FE-B0E7-2834B3613CFB}.Release|x86.ActiveCfg = Release|iPhone
		{EBF236B7-D04C-4F64-8450-E7AE83144D72}.Ad-Hoc|Any CPU.ActiveCfg = Release|Any CPU
		{EBF236B7-D04C-4F64-8450-E7AE83144D72}.Ad-Hoc|Any CPU.Build.0 = Release|Any CPU
		{EBF236B7-D04C-4F64-8450-E7AE83144D72}.Ad-Hoc|Any CPU.Deploy.0 = Release|Any CPU
		{EBF236B7-D04C-4F64-8450-E7AE83144D72}.Ad-Hoc|ARM.ActiveCfg = Release|ARM
		{EBF236B7-D04C-4F64-8450-E7AE83144D72}.Ad-Hoc|ARM.Build.0 = Release|ARM
		{EBF236B7-D04C-4F64-8450-E7AE83144D72}.Ad-Hoc|ARM.Deploy.0 = Release|ARM
		{EBF236B7-D04C-4F64-8450-E7AE83144D72}.Ad-Hoc|iPhone.ActiveCfg = Release|Any CPU
		{EBF236B7-D04C-4F64-8450-E7AE83144D72}.Ad-Hoc|iPhone.Build.0 = Release|Any CPU
		{EBF236B7-D04C-4F64-8450-E7AE83144D72}.Ad-Hoc|iPhone.Deploy.0 = Release|Any CPU
		{EBF236B7-D04C-4F64-8450-E7AE83144D72}.Ad-Hoc|iPhoneSimulator.ActiveCfg = Release|Any CPU
		{EBF236B7-D04C-4F64-8450-E7AE83144D72}.Ad-Hoc|iPhoneSimulator.Build.0 = Release|Any CPU
		{EBF236B7-D04C-4F64-8450-E7AE83144D72}.Ad-Hoc|iPhoneSimulator.Deploy.0 = Release|Any CPU
		{EBF236B7-D04C-4F64-8450-E7AE83144D72}.Ad-Hoc|x64.ActiveCfg = Release|Any CPU
		{EBF236B7-D04C-4F64-8450-E7AE83144D72}.Ad-Hoc|x64.Build.0 = Release|Any CPU
		{EBF236B7-D04C-4F64-8450-E7AE83144D72}.Ad-Hoc|x64.Deploy.0 = Release|Any CPU
		{EBF236B7-D04C-4F64-8450-E7AE83144D72}.Ad-Hoc|x86.ActiveCfg = Release|x86
		{EBF236B7-D04C-4F64-8450-E7AE83144D72}.Ad-Hoc|x86.Build.0 = Release|x86
		{EBF236B7-D04C-4F64-8450-E7AE83144D72}.Ad-Hoc|x86.Deploy.0 = Release|x86
		{EBF236B7-D04C-4F64-8450-E7AE83144D72}.AppStore|Any CPU.ActiveCfg = Release|Any CPU
		{EBF236B7-D04C-4F64-8450-E7AE83144D72}.AppStore|Any CPU.Build.0 = Release|Any CPU
		{EBF236B7-D04C-4F64-8450-E7AE83144D72}.AppStore|Any CPU.Deploy.0 = Release|Any CPU
		{EBF236B7-D04C-4F64-8450-E7AE83144D72}.AppStore|ARM.ActiveCfg = Release|ARM
		{EBF236B7-D04C-4F64-8450-E7AE83144D72}.AppStore|ARM.Build.0 = Release|ARM
		{EBF236B7-D04C-4F64-8450-E7AE83144D72}.AppStore|ARM.Deploy.0 = Release|ARM
		{EBF236B7-D04C-4F64-8450-E7AE83144D72}.AppStore|iPhone.ActiveCfg = Release|Any CPU
		{EBF236B7-D04C-4F64-8450-E7AE83144D72}.AppStore|iPhone.Build.0 = Release|Any CPU
		{EBF236B7-D04C-4F64-8450-E7AE83144D72}.AppStore|iPhone.Deploy.0 = Release|Any CPU
		{EBF236B7-D04C-4F64-8450-E7AE83144D72}.AppStore|iPhoneSimulator.ActiveCfg = Release|Any CPU
		{EBF236B7-D04C-4F64-8450-E7AE83144D72}.AppStore|iPhoneSimulator.Build.0 = Release|Any CPU
		{EBF236B7-D04C-4F64-8450-E7AE83144D72}.AppStore|iPhoneSimulator.Deploy.0 = Release|Any CPU
		{EBF236B7-D04C-4F64-8450-E7AE83144D72}.AppStore|x64.ActiveCfg = Release|Any CPU
		{EBF236B7-D04C-4F64-8450-E7AE83144D72}.AppStore|x64.Build.0 = Release|Any CPU
		{EBF236B7-D04C-4F64-8450-E7AE83144D72}.AppStore|x64.Deploy.0 = Release|Any CPU
		{EBF236B7-D04C-4F64-8450-E7AE83144D72}.AppStore|x86.ActiveCfg = Release|x86
		{EBF236B7-D04C-4F64-8450-E7AE83144D72}.AppStore|x86.Build.0 = Release|x86
		{EBF236B7-D04C-4F64-8450-E7AE83144D72}.AppStore|x86.Deploy.0 = Release|x86
		{EBF236B7-D04C-4F64-8450-E7AE83144D72}.Debug|Any CPU.ActiveCfg = Debug|Any CPU
		{EBF236B7-D04C-4F64-8450-E7AE83144D72}.Debug|Any CPU.Build.0 = Debug|Any CPU
		{EBF236B7-D04C-4F64-8450-E7AE83144D72}.Debug|Any CPU.Deploy.0 = Debug|Any CPU
		{EBF236B7-D04C-4F64-8450-E7AE83144D72}.Debug|ARM.ActiveCfg = Debug|ARM
		{EBF236B7-D04C-4F64-8450-E7AE83144D72}.Debug|ARM.Build.0 = Debug|ARM
		{EBF236B7-D04C-4F64-8450-E7AE83144D72}.Debug|ARM.Deploy.0 = Debug|ARM
		{EBF236B7-D04C-4F64-8450-E7AE83144D72}.Debug|iPhone.ActiveCfg = Debug|Any CPU
		{EBF236B7-D04C-4F64-8450-E7AE83144D72}.Debug|iPhone.Build.0 = Debug|Any CPU
		{EBF236B7-D04C-4F64-8450-E7AE83144D72}.Debug|iPhone.Deploy.0 = Debug|Any CPU
		{EBF236B7-D04C-4F64-8450-E7AE83144D72}.Debug|iPhoneSimulator.ActiveCfg = Debug|Any CPU
		{EBF236B7-D04C-4F64-8450-E7AE83144D72}.Debug|iPhoneSimulator.Build.0 = Debug|Any CPU
		{EBF236B7-D04C-4F64-8450-E7AE83144D72}.Debug|iPhoneSimulator.Deploy.0 = Debug|Any CPU
		{EBF236B7-D04C-4F64-8450-E7AE83144D72}.Debug|x64.ActiveCfg = Debug|Any CPU
		{EBF236B7-D04C-4F64-8450-E7AE83144D72}.Debug|x64.Build.0 = Debug|Any CPU
		{EBF236B7-D04C-4F64-8450-E7AE83144D72}.Debug|x64.Deploy.0 = Debug|Any CPU
		{EBF236B7-D04C-4F64-8450-E7AE83144D72}.Debug|x86.ActiveCfg = Debug|x86
		{EBF236B7-D04C-4F64-8450-E7AE83144D72}.Debug|x86.Build.0 = Debug|x86
		{EBF236B7-D04C-4F64-8450-E7AE83144D72}.Debug|x86.Deploy.0 = Debug|x86
		{EBF236B7-D04C-4F64-8450-E7AE83144D72}.Release|Any CPU.ActiveCfg = Release|Any CPU
		{EBF236B7-D04C-4F64-8450-E7AE83144D72}.Release|Any CPU.Build.0 = Release|Any CPU
		{EBF236B7-D04C-4F64-8450-E7AE83144D72}.Release|Any CPU.Deploy.0 = Release|Any CPU
		{EBF236B7-D04C-4F64-8450-E7AE83144D72}.Release|ARM.ActiveCfg = Release|ARM
		{EBF236B7-D04C-4F64-8450-E7AE83144D72}.Release|ARM.Build.0 = Release|ARM
		{EBF236B7-D04C-4F64-8450-E7AE83144D72}.Release|ARM.Deploy.0 = Release|ARM
		{EBF236B7-D04C-4F64-8450-E7AE83144D72}.Release|iPhone.ActiveCfg = Release|Any CPU
		{EBF236B7-D04C-4F64-8450-E7AE83144D72}.Release|iPhone.Build.0 = Release|Any CPU
		{EBF236B7-D04C-4F64-8450-E7AE83144D72}.Release|iPhone.Deploy.0 = Release|Any CPU
		{EBF236B7-D04C-4F64-8450-E7AE83144D72}.Release|iPhoneSimulator.ActiveCfg = Release|Any CPU
		{EBF236B7-D04C-4F64-8450-E7AE83144D72}.Release|iPhoneSimulator.Build.0 = Release|Any CPU
		{EBF236B7-D04C-4F64-8450-E7AE83144D72}.Release|iPhoneSimulator.Deploy.0 = Release|Any CPU
		{EBF236B7-D04C-4F64-8450-E7AE83144D72}.Release|x64.ActiveCfg = Release|Any CPU
		{EBF236B7-D04C-4F64-8450-E7AE83144D72}.Release|x64.Build.0 = Release|Any CPU
		{EBF236B7-D04C-4F64-8450-E7AE83144D72}.Release|x64.Deploy.0 = Release|Any CPU
		{EBF236B7-D04C-4F64-8450-E7AE83144D72}.Release|x86.ActiveCfg = Release|x86
		{EBF236B7-D04C-4F64-8450-E7AE83144D72}.Release|x86.Build.0 = Release|x86
		{EBF236B7-D04C-4F64-8450-E7AE83144D72}.Release|x86.Deploy.0 = Release|x86
		{5A04116E-33E2-4EB5-9FFB-A5B8A5318CD3}.Ad-Hoc|Any CPU.ActiveCfg = Release|x86
		{5A04116E-33E2-4EB5-9FFB-A5B8A5318CD3}.Ad-Hoc|Any CPU.Build.0 = Release|x86
		{5A04116E-33E2-4EB5-9FFB-A5B8A5318CD3}.Ad-Hoc|Any CPU.Deploy.0 = Release|x86
		{5A04116E-33E2-4EB5-9FFB-A5B8A5318CD3}.Ad-Hoc|ARM.ActiveCfg = Release|ARM
		{5A04116E-33E2-4EB5-9FFB-A5B8A5318CD3}.Ad-Hoc|ARM.Build.0 = Release|ARM
		{5A04116E-33E2-4EB5-9FFB-A5B8A5318CD3}.Ad-Hoc|ARM.Deploy.0 = Release|ARM
		{5A04116E-33E2-4EB5-9FFB-A5B8A5318CD3}.Ad-Hoc|iPhone.ActiveCfg = Release|x86
		{5A04116E-33E2-4EB5-9FFB-A5B8A5318CD3}.Ad-Hoc|iPhone.Build.0 = Release|x86
		{5A04116E-33E2-4EB5-9FFB-A5B8A5318CD3}.Ad-Hoc|iPhone.Deploy.0 = Release|x86
		{5A04116E-33E2-4EB5-9FFB-A5B8A5318CD3}.Ad-Hoc|iPhoneSimulator.ActiveCfg = Release|x86
		{5A04116E-33E2-4EB5-9FFB-A5B8A5318CD3}.Ad-Hoc|iPhoneSimulator.Build.0 = Release|x86
		{5A04116E-33E2-4EB5-9FFB-A5B8A5318CD3}.Ad-Hoc|iPhoneSimulator.Deploy.0 = Release|x86
		{5A04116E-33E2-4EB5-9FFB-A5B8A5318CD3}.Ad-Hoc|x64.ActiveCfg = Release|x64
		{5A04116E-33E2-4EB5-9FFB-A5B8A5318CD3}.Ad-Hoc|x64.Build.0 = Release|x64
		{5A04116E-33E2-4EB5-9FFB-A5B8A5318CD3}.Ad-Hoc|x64.Deploy.0 = Release|x64
		{5A04116E-33E2-4EB5-9FFB-A5B8A5318CD3}.Ad-Hoc|x86.ActiveCfg = Release|x86
		{5A04116E-33E2-4EB5-9FFB-A5B8A5318CD3}.Ad-Hoc|x86.Build.0 = Release|x86
		{5A04116E-33E2-4EB5-9FFB-A5B8A5318CD3}.Ad-Hoc|x86.Deploy.0 = Release|x86
		{5A04116E-33E2-4EB5-9FFB-A5B8A5318CD3}.AppStore|Any CPU.ActiveCfg = Release|x86
		{5A04116E-33E2-4EB5-9FFB-A5B8A5318CD3}.AppStore|Any CPU.Build.0 = Release|x86
		{5A04116E-33E2-4EB5-9FFB-A5B8A5318CD3}.AppStore|Any CPU.Deploy.0 = Release|x86
		{5A04116E-33E2-4EB5-9FFB-A5B8A5318CD3}.AppStore|ARM.ActiveCfg = Release|ARM
		{5A04116E-33E2-4EB5-9FFB-A5B8A5318CD3}.AppStore|ARM.Build.0 = Release|ARM
		{5A04116E-33E2-4EB5-9FFB-A5B8A5318CD3}.AppStore|ARM.Deploy.0 = Release|ARM
		{5A04116E-33E2-4EB5-9FFB-A5B8A5318CD3}.AppStore|iPhone.ActiveCfg = Release|x86
		{5A04116E-33E2-4EB5-9FFB-A5B8A5318CD3}.AppStore|iPhone.Build.0 = Release|x86
		{5A04116E-33E2-4EB5-9FFB-A5B8A5318CD3}.AppStore|iPhone.Deploy.0 = Release|x86
		{5A04116E-33E2-4EB5-9FFB-A5B8A5318CD3}.AppStore|iPhoneSimulator.ActiveCfg = Release|x86
		{5A04116E-33E2-4EB5-9FFB-A5B8A5318CD3}.AppStore|iPhoneSimulator.Build.0 = Release|x86
		{5A04116E-33E2-4EB5-9FFB-A5B8A5318CD3}.AppStore|iPhoneSimulator.Deploy.0 = Release|x86
		{5A04116E-33E2-4EB5-9FFB-A5B8A5318CD3}.AppStore|x64.ActiveCfg = Release|x64
		{5A04116E-33E2-4EB5-9FFB-A5B8A5318CD3}.AppStore|x64.Build.0 = Release|x64
		{5A04116E-33E2-4EB5-9FFB-A5B8A5318CD3}.AppStore|x64.Deploy.0 = Release|x64
		{5A04116E-33E2-4EB5-9FFB-A5B8A5318CD3}.AppStore|x86.ActiveCfg = Release|x86
		{5A04116E-33E2-4EB5-9FFB-A5B8A5318CD3}.AppStore|x86.Build.0 = Release|x86
		{5A04116E-33E2-4EB5-9FFB-A5B8A5318CD3}.AppStore|x86.Deploy.0 = Release|x86
		{5A04116E-33E2-4EB5-9FFB-A5B8A5318CD3}.Debug|Any CPU.ActiveCfg = Debug|x86
		{5A04116E-33E2-4EB5-9FFB-A5B8A5318CD3}.Debug|ARM.ActiveCfg = Debug|ARM
		{5A04116E-33E2-4EB5-9FFB-A5B8A5318CD3}.Debug|ARM.Build.0 = Debug|ARM
		{5A04116E-33E2-4EB5-9FFB-A5B8A5318CD3}.Debug|ARM.Deploy.0 = Debug|ARM
		{5A04116E-33E2-4EB5-9FFB-A5B8A5318CD3}.Debug|iPhone.ActiveCfg = Debug|x86
		{5A04116E-33E2-4EB5-9FFB-A5B8A5318CD3}.Debug|iPhoneSimulator.ActiveCfg = Debug|x86
		{5A04116E-33E2-4EB5-9FFB-A5B8A5318CD3}.Debug|x64.ActiveCfg = Debug|x64
		{5A04116E-33E2-4EB5-9FFB-A5B8A5318CD3}.Debug|x64.Build.0 = Debug|x64
		{5A04116E-33E2-4EB5-9FFB-A5B8A5318CD3}.Debug|x64.Deploy.0 = Debug|x64
		{5A04116E-33E2-4EB5-9FFB-A5B8A5318CD3}.Debug|x86.ActiveCfg = Debug|x86
		{5A04116E-33E2-4EB5-9FFB-A5B8A5318CD3}.Debug|x86.Build.0 = Debug|x86
		{5A04116E-33E2-4EB5-9FFB-A5B8A5318CD3}.Debug|x86.Deploy.0 = Debug|x86
		{5A04116E-33E2-4EB5-9FFB-A5B8A5318CD3}.Release|Any CPU.ActiveCfg = Release|x86
		{5A04116E-33E2-4EB5-9FFB-A5B8A5318CD3}.Release|ARM.ActiveCfg = Release|ARM
		{5A04116E-33E2-4EB5-9FFB-A5B8A5318CD3}.Release|ARM.Build.0 = Release|ARM
		{5A04116E-33E2-4EB5-9FFB-A5B8A5318CD3}.Release|ARM.Deploy.0 = Release|ARM
		{5A04116E-33E2-4EB5-9FFB-A5B8A5318CD3}.Release|iPhone.ActiveCfg = Release|x86
		{5A04116E-33E2-4EB5-9FFB-A5B8A5318CD3}.Release|iPhoneSimulator.ActiveCfg = Release|x86
		{5A04116E-33E2-4EB5-9FFB-A5B8A5318CD3}.Release|x64.ActiveCfg = Release|x64
		{5A04116E-33E2-4EB5-9FFB-A5B8A5318CD3}.Release|x64.Build.0 = Release|x64
		{5A04116E-33E2-4EB5-9FFB-A5B8A5318CD3}.Release|x64.Deploy.0 = Release|x64
		{5A04116E-33E2-4EB5-9FFB-A5B8A5318CD3}.Release|x86.ActiveCfg = Release|x86
		{5A04116E-33E2-4EB5-9FFB-A5B8A5318CD3}.Release|x86.Build.0 = Release|x86
		{5A04116E-33E2-4EB5-9FFB-A5B8A5318CD3}.Release|x86.Deploy.0 = Release|x86
		{D52F14E3-0614-4894-BDCF-825424EF5257}.Ad-Hoc|Any CPU.ActiveCfg = Release|Any CPU
		{D52F14E3-0614-4894-BDCF-825424EF5257}.Ad-Hoc|Any CPU.Build.0 = Release|Any CPU
		{D52F14E3-0614-4894-BDCF-825424EF5257}.Ad-Hoc|Any CPU.Deploy.0 = Release|Any CPU
		{D52F14E3-0614-4894-BDCF-825424EF5257}.Ad-Hoc|ARM.ActiveCfg = Release|ARM
		{D52F14E3-0614-4894-BDCF-825424EF5257}.Ad-Hoc|ARM.Build.0 = Release|ARM
		{D52F14E3-0614-4894-BDCF-825424EF5257}.Ad-Hoc|ARM.Deploy.0 = Release|ARM
		{D52F14E3-0614-4894-BDCF-825424EF5257}.Ad-Hoc|iPhone.ActiveCfg = Release|Any CPU
		{D52F14E3-0614-4894-BDCF-825424EF5257}.Ad-Hoc|iPhone.Build.0 = Release|Any CPU
		{D52F14E3-0614-4894-BDCF-825424EF5257}.Ad-Hoc|iPhone.Deploy.0 = Release|Any CPU
		{D52F14E3-0614-4894-BDCF-825424EF5257}.Ad-Hoc|iPhoneSimulator.ActiveCfg = Release|Any CPU
		{D52F14E3-0614-4894-BDCF-825424EF5257}.Ad-Hoc|iPhoneSimulator.Build.0 = Release|Any CPU
		{D52F14E3-0614-4894-BDCF-825424EF5257}.Ad-Hoc|iPhoneSimulator.Deploy.0 = Release|Any CPU
		{D52F14E3-0614-4894-BDCF-825424EF5257}.Ad-Hoc|x64.ActiveCfg = Release|x64
		{D52F14E3-0614-4894-BDCF-825424EF5257}.Ad-Hoc|x64.Build.0 = Release|x64
		{D52F14E3-0614-4894-BDCF-825424EF5257}.Ad-Hoc|x64.Deploy.0 = Release|x64
		{D52F14E3-0614-4894-BDCF-825424EF5257}.Ad-Hoc|x86.ActiveCfg = Release|x86
		{D52F14E3-0614-4894-BDCF-825424EF5257}.Ad-Hoc|x86.Build.0 = Release|x86
		{D52F14E3-0614-4894-BDCF-825424EF5257}.Ad-Hoc|x86.Deploy.0 = Release|x86
		{D52F14E3-0614-4894-BDCF-825424EF5257}.AppStore|Any CPU.ActiveCfg = Release|Any CPU
		{D52F14E3-0614-4894-BDCF-825424EF5257}.AppStore|Any CPU.Build.0 = Release|Any CPU
		{D52F14E3-0614-4894-BDCF-825424EF5257}.AppStore|Any CPU.Deploy.0 = Release|Any CPU
		{D52F14E3-0614-4894-BDCF-825424EF5257}.AppStore|ARM.ActiveCfg = Release|ARM
		{D52F14E3-0614-4894-BDCF-825424EF5257}.AppStore|ARM.Build.0 = Release|ARM
		{D52F14E3-0614-4894-BDCF-825424EF5257}.AppStore|ARM.Deploy.0 = Release|ARM
		{D52F14E3-0614-4894-BDCF-825424EF5257}.AppStore|iPhone.ActiveCfg = Release|Any CPU
		{D52F14E3-0614-4894-BDCF-825424EF5257}.AppStore|iPhone.Build.0 = Release|Any CPU
		{D52F14E3-0614-4894-BDCF-825424EF5257}.AppStore|iPhone.Deploy.0 = Release|Any CPU
		{D52F14E3-0614-4894-BDCF-825424EF5257}.AppStore|iPhoneSimulator.ActiveCfg = Release|Any CPU
		{D52F14E3-0614-4894-BDCF-825424EF5257}.AppStore|iPhoneSimulator.Build.0 = Release|Any CPU
		{D52F14E3-0614-4894-BDCF-825424EF5257}.AppStore|iPhoneSimulator.Deploy.0 = Release|Any CPU
		{D52F14E3-0614-4894-BDCF-825424EF5257}.AppStore|x64.ActiveCfg = Release|x64
		{D52F14E3-0614-4894-BDCF-825424EF5257}.AppStore|x64.Build.0 = Release|x64
		{D52F14E3-0614-4894-BDCF-825424EF5257}.AppStore|x64.Deploy.0 = Release|x64
		{D52F14E3-0614-4894-BDCF-825424EF5257}.AppStore|x86.ActiveCfg = Release|x86
		{D52F14E3-0614-4894-BDCF-825424EF5257}.AppStore|x86.Build.0 = Release|x86
		{D52F14E3-0614-4894-BDCF-825424EF5257}.AppStore|x86.Deploy.0 = Release|x86
		{D52F14E3-0614-4894-BDCF-825424EF5257}.Debug|Any CPU.ActiveCfg = Debug|Any CPU
		{D52F14E3-0614-4894-BDCF-825424EF5257}.Debug|Any CPU.Build.0 = Debug|Any CPU
		{D52F14E3-0614-4894-BDCF-825424EF5257}.Debug|Any CPU.Deploy.0 = Debug|Any CPU
		{D52F14E3-0614-4894-BDCF-825424EF5257}.Debug|ARM.ActiveCfg = Debug|ARM
		{D52F14E3-0614-4894-BDCF-825424EF5257}.Debug|ARM.Build.0 = Debug|ARM
		{D52F14E3-0614-4894-BDCF-825424EF5257}.Debug|ARM.Deploy.0 = Debug|ARM
		{D52F14E3-0614-4894-BDCF-825424EF5257}.Debug|iPhone.ActiveCfg = Debug|Any CPU
		{D52F14E3-0614-4894-BDCF-825424EF5257}.Debug|iPhone.Build.0 = Debug|Any CPU
		{D52F14E3-0614-4894-BDCF-825424EF5257}.Debug|iPhone.Deploy.0 = Debug|Any CPU
		{D52F14E3-0614-4894-BDCF-825424EF5257}.Debug|iPhoneSimulator.ActiveCfg = Debug|Any CPU
		{D52F14E3-0614-4894-BDCF-825424EF5257}.Debug|iPhoneSimulator.Build.0 = Debug|Any CPU
		{D52F14E3-0614-4894-BDCF-825424EF5257}.Debug|iPhoneSimulator.Deploy.0 = Debug|Any CPU
		{D52F14E3-0614-4894-BDCF-825424EF5257}.Debug|x64.ActiveCfg = Debug|x64
		{D52F14E3-0614-4894-BDCF-825424EF5257}.Debug|x64.Build.0 = Debug|x64
		{D52F14E3-0614-4894-BDCF-825424EF5257}.Debug|x64.Deploy.0 = Debug|x64
		{D52F14E3-0614-4894-BDCF-825424EF5257}.Debug|x86.ActiveCfg = Debug|x86
		{D52F14E3-0614-4894-BDCF-825424EF5257}.Debug|x86.Build.0 = Debug|x86
		{D52F14E3-0614-4894-BDCF-825424EF5257}.Debug|x86.Deploy.0 = Debug|x86
		{D52F14E3-0614-4894-BDCF-825424EF5257}.Release|Any CPU.ActiveCfg = Release|Any CPU
		{D52F14E3-0614-4894-BDCF-825424EF5257}.Release|Any CPU.Build.0 = Release|Any CPU
		{D52F14E3-0614-4894-BDCF-825424EF5257}.Release|Any CPU.Deploy.0 = Release|Any CPU
		{D52F14E3-0614-4894-BDCF-825424EF5257}.Release|ARM.ActiveCfg = Release|ARM
		{D52F14E3-0614-4894-BDCF-825424EF5257}.Release|ARM.Build.0 = Release|ARM
		{D52F14E3-0614-4894-BDCF-825424EF5257}.Release|ARM.Deploy.0 = Release|ARM
		{D52F14E3-0614-4894-BDCF-825424EF5257}.Release|iPhone.ActiveCfg = Release|Any CPU
		{D52F14E3-0614-4894-BDCF-825424EF5257}.Release|iPhone.Build.0 = Release|Any CPU
		{D52F14E3-0614-4894-BDCF-825424EF5257}.Release|iPhone.Deploy.0 = Release|Any CPU
		{D52F14E3-0614-4894-BDCF-825424EF5257}.Release|iPhoneSimulator.ActiveCfg = Release|Any CPU
		{D52F14E3-0614-4894-BDCF-825424EF5257}.Release|iPhoneSimulator.Build.0 = Release|Any CPU
		{D52F14E3-0614-4894-BDCF-825424EF5257}.Release|iPhoneSimulator.Deploy.0 = Release|Any CPU
		{D52F14E3-0614-4894-BDCF-825424EF5257}.Release|x64.ActiveCfg = Release|x64
		{D52F14E3-0614-4894-BDCF-825424EF5257}.Release|x64.Build.0 = Release|x64
		{D52F14E3-0614-4894-BDCF-825424EF5257}.Release|x64.Deploy.0 = Release|x64
		{D52F14E3-0614-4894-BDCF-825424EF5257}.Release|x86.ActiveCfg = Release|x86
		{D52F14E3-0614-4894-BDCF-825424EF5257}.Release|x86.Build.0 = Release|x86
		{D52F14E3-0614-4894-BDCF-825424EF5257}.Release|x86.Deploy.0 = Release|x86
		{2C2FA7EB-C6AD-4378-A815-A7AFBEFED016}.Ad-Hoc|Any CPU.ActiveCfg = Release|Any CPU
		{2C2FA7EB-C6AD-4378-A815-A7AFBEFED016}.Ad-Hoc|Any CPU.Build.0 = Release|Any CPU
		{2C2FA7EB-C6AD-4378-A815-A7AFBEFED016}.Ad-Hoc|ARM.ActiveCfg = Release|Any CPU
		{2C2FA7EB-C6AD-4378-A815-A7AFBEFED016}.Ad-Hoc|ARM.Build.0 = Release|Any CPU
		{2C2FA7EB-C6AD-4378-A815-A7AFBEFED016}.Ad-Hoc|iPhone.ActiveCfg = Release|Any CPU
		{2C2FA7EB-C6AD-4378-A815-A7AFBEFED016}.Ad-Hoc|iPhone.Build.0 = Release|Any CPU
		{2C2FA7EB-C6AD-4378-A815-A7AFBEFED016}.Ad-Hoc|iPhoneSimulator.ActiveCfg = Release|Any CPU
		{2C2FA7EB-C6AD-4378-A815-A7AFBEFED016}.Ad-Hoc|iPhoneSimulator.Build.0 = Release|Any CPU
		{2C2FA7EB-C6AD-4378-A815-A7AFBEFED016}.Ad-Hoc|x64.ActiveCfg = Release|Any CPU
		{2C2FA7EB-C6AD-4378-A815-A7AFBEFED016}.Ad-Hoc|x64.Build.0 = Release|Any CPU
		{2C2FA7EB-C6AD-4378-A815-A7AFBEFED016}.Ad-Hoc|x86.ActiveCfg = Release|Any CPU
		{2C2FA7EB-C6AD-4378-A815-A7AFBEFED016}.Ad-Hoc|x86.Build.0 = Release|Any CPU
		{2C2FA7EB-C6AD-4378-A815-A7AFBEFED016}.AppStore|Any CPU.ActiveCfg = Release|Any CPU
		{2C2FA7EB-C6AD-4378-A815-A7AFBEFED016}.AppStore|Any CPU.Build.0 = Release|Any CPU
		{2C2FA7EB-C6AD-4378-A815-A7AFBEFED016}.AppStore|ARM.ActiveCfg = Release|Any CPU
		{2C2FA7EB-C6AD-4378-A815-A7AFBEFED016}.AppStore|ARM.Build.0 = Release|Any CPU
		{2C2FA7EB-C6AD-4378-A815-A7AFBEFED016}.AppStore|iPhone.ActiveCfg = Release|Any CPU
		{2C2FA7EB-C6AD-4378-A815-A7AFBEFED016}.AppStore|iPhone.Build.0 = Release|Any CPU
		{2C2FA7EB-C6AD-4378-A815-A7AFBEFED016}.AppStore|iPhoneSimulator.ActiveCfg = Release|Any CPU
		{2C2FA7EB-C6AD-4378-A815-A7AFBEFED016}.AppStore|iPhoneSimulator.Build.0 = Release|Any CPU
		{2C2FA7EB-C6AD-4378-A815-A7AFBEFED016}.AppStore|x64.ActiveCfg = Release|Any CPU
		{2C2FA7EB-C6AD-4378-A815-A7AFBEFED016}.AppStore|x64.Build.0 = Release|Any CPU
		{2C2FA7EB-C6AD-4378-A815-A7AFBEFED016}.AppStore|x86.ActiveCfg = Release|Any CPU
		{2C2FA7EB-C6AD-4378-A815-A7AFBEFED016}.AppStore|x86.Build.0 = Release|Any CPU
		{2C2FA7EB-C6AD-4378-A815-A7AFBEFED016}.Debug|Any CPU.ActiveCfg = Debug|Any CPU
		{2C2FA7EB-C6AD-4378-A815-A7AFBEFED016}.Debug|Any CPU.Build.0 = Debug|Any CPU
		{2C2FA7EB-C6AD-4378-A815-A7AFBEFED016}.Debug|ARM.ActiveCfg = Debug|Any CPU
		{2C2FA7EB-C6AD-4378-A815-A7AFBEFED016}.Debug|ARM.Build.0 = Debug|Any CPU
		{2C2FA7EB-C6AD-4378-A815-A7AFBEFED016}.Debug|iPhone.ActiveCfg = Debug|Any CPU
		{2C2FA7EB-C6AD-4378-A815-A7AFBEFED016}.Debug|iPhone.Build.0 = Debug|Any CPU
		{2C2FA7EB-C6AD-4378-A815-A7AFBEFED016}.Debug|iPhoneSimulator.ActiveCfg = Debug|Any CPU
		{2C2FA7EB-C6AD-4378-A815-A7AFBEFED016}.Debug|iPhoneSimulator.Build.0 = Debug|Any CPU
		{2C2FA7EB-C6AD-4378-A815-A7AFBEFED016}.Debug|x64.ActiveCfg = Debug|Any CPU
		{2C2FA7EB-C6AD-4378-A815-A7AFBEFED016}.Debug|x64.Build.0 = Debug|Any CPU
		{2C2FA7EB-C6AD-4378-A815-A7AFBEFED016}.Debug|x86.ActiveCfg = Debug|Any CPU
		{2C2FA7EB-C6AD-4378-A815-A7AFBEFED016}.Debug|x86.Build.0 = Debug|Any CPU
		{2C2FA7EB-C6AD-4378-A815-A7AFBEFED016}.Release|Any CPU.ActiveCfg = Release|Any CPU
		{2C2FA7EB-C6AD-4378-A815-A7AFBEFED016}.Release|Any CPU.Build.0 = Release|Any CPU
		{2C2FA7EB-C6AD-4378-A815-A7AFBEFED016}.Release|ARM.ActiveCfg = Release|Any CPU
		{2C2FA7EB-C6AD-4378-A815-A7AFBEFED016}.Release|ARM.Build.0 = Release|Any CPU
		{2C2FA7EB-C6AD-4378-A815-A7AFBEFED016}.Release|iPhone.ActiveCfg = Release|Any CPU
		{2C2FA7EB-C6AD-4378-A815-A7AFBEFED016}.Release|iPhone.Build.0 = Release|Any CPU
		{2C2FA7EB-C6AD-4378-A815-A7AFBEFED016}.Release|iPhoneSimulator.ActiveCfg = Release|Any CPU
		{2C2FA7EB-C6AD-4378-A815-A7AFBEFED016}.Release|iPhoneSimulator.Build.0 = Release|Any CPU
		{2C2FA7EB-C6AD-4378-A815-A7AFBEFED016}.Release|x64.ActiveCfg = Release|Any CPU
		{2C2FA7EB-C6AD-4378-A815-A7AFBEFED016}.Release|x64.Build.0 = Release|Any CPU
		{2C2FA7EB-C6AD-4378-A815-A7AFBEFED016}.Release|x86.ActiveCfg = Release|Any CPU
		{2C2FA7EB-C6AD-4378-A815-A7AFBEFED016}.Release|x86.Build.0 = Release|Any CPU
	EndGlobalSection
	GlobalSection(SolutionProperties) = preSolution
		HideSolutionNode = FALSE
	EndGlobalSection
EndGlobal
